# Generated by jspm
[[package]]
url = "."

[package.deps]
"@iarna/toml" = "https://ga.jspm.io/npm:@iarna/toml@3.0.0"
"@vercel/ncc" = "https://ga.jspm.io/npm:@vercel/ncc@0.27.0"
buffer = "./core/dist|nodelibs/buffer"
cache = "./deps/cache"
chalk = "https://ga.jspm.io/npm:chalk@4.1.0"
crypto = "./core/dist|nodelibs/crypto"
es-module-lexer = "https://ga.jspm.io/npm:es-module-lexer@0.3.26"
fs = "./core/dist|nodelibs/fs"
make-fetch-happen = "https://ga.jspm.io/npm:make-fetch-happen@8.0.13"
mkdirp = "https://ga.jspm.io/npm:mkdirp@1.0.4"
module = "./core/dist|nodelibs/module"
ora = "https://ga.jspm.io/npm:ora@5.3.0"
os = "./core/dist|nodelibs/os"
path = "./core/dist|nodelibs/path"
process = "./core/dist|nodelibs/process"
rimraf = "https://ga.jspm.io/npm:rimraf@3.0.2"
sver = "https://ga.jspm.io/npm:sver@1.8.3"
typescript = "https://ga.jspm.io/npm:typescript@4.0.3"
url = "./core/dist|nodelibs/url"

[[package]]
url = "https://ga.jspm.io/npm:@iarna/toml@3.0.0"

[package.deps]
process = "./core/dist|nodelibs/process"
stream = "./core/dist|nodelibs/stream"

[[package]]
url = "https://ga.jspm.io/npm:@npmcli/move-file@1.1.1"

[package.deps]
mkdirp = "https://ga.jspm.io/npm:mkdirp@1.0.4"
rimraf = "https://ga.jspm.io/npm:rimraf@3.0.2"

[[package]]
url = "https://ga.jspm.io/npm:agent-base@6.0.2"

[package.deps]
debug = "https://ga.jspm.io/npm:debug@4.3.2"

[[package]]
url = "https://ga.jspm.io/npm:agentkeepalive@4.1.4"

[package.deps]
debug = "https://ga.jspm.io/npm:debug@4.3.2"
depd = "https://ga.jspm.io/npm:depd@1.1.2"
humanize-ms = "https://ga.jspm.io/npm:humanize-ms@1.2.1"

[[package]]
url = "https://ga.jspm.io/npm:aggregate-error@3.1.0"

[package.deps]
clean-stack = "https://ga.jspm.io/npm:clean-stack@2.2.0"
indent-string = "https://ga.jspm.io/npm:indent-string@4.0.0"

[[package]]
url = "https://ga.jspm.io/npm:ansi-styles@4.3.0"

[package.deps]
color-convert = "https://ga.jspm.io/npm:color-convert@2.0.1"

[[package]]
url = "https://ga.jspm.io/npm:bl@4.0.4"

[package.deps]
buffer = "https://ga.jspm.io/npm:buffer@5.7.1"
inherits = "https://ga.jspm.io/npm:inherits@2.0.4"
readable-stream = "https://ga.jspm.io/npm:readable-stream@3.6.0"

[[package]]
url = "https://ga.jspm.io/npm:brace-expansion@1.1.11"

[package.deps]
balanced-match = "https://ga.jspm.io/npm:balanced-match@1.0.0"
concat-map = "https://ga.jspm.io/npm:concat-map@0.0.1"

[[package]]
url = "https://ga.jspm.io/npm:buffer@5.7.1"

[package.deps]
base64-js = "https://ga.jspm.io/npm:base64-js@1.5.1"
ieee754 = "https://ga.jspm.io/npm:ieee754@1.2.1"

[[package]]
url = "https://ga.jspm.io/npm:cacache@15.0.5"

[package.deps]
"@npmcli/move-file" = "https://ga.jspm.io/npm:@npmcli/move-file@1.1.1"
chownr = "https://ga.jspm.io/npm:chownr@2.0.0"
fs-minipass = "https://ga.jspm.io/npm:fs-minipass@2.1.0"
glob = "https://ga.jspm.io/npm:glob@7.1.6"
infer-owner = "https://ga.jspm.io/npm:infer-owner@1.0.4"
lru-cache = "https://ga.jspm.io/npm:lru-cache@6.0.0"
minipass = "https://ga.jspm.io/npm:minipass@3.1.3"
minipass-collect = "https://ga.jspm.io/npm:minipass-collect@1.0.2"
minipass-flush = "https://ga.jspm.io/npm:minipass-flush@1.0.5"
minipass-pipeline = "https://ga.jspm.io/npm:minipass-pipeline@1.2.4"
mkdirp = "https://ga.jspm.io/npm:mkdirp@1.0.4"
p-map = "https://ga.jspm.io/npm:p-map@4.0.0"
promise-inflight = "https://ga.jspm.io/npm:promise-inflight@1.0.1"
rimraf = "https://ga.jspm.io/npm:rimraf@3.0.2"
ssri = "https://ga.jspm.io/npm:ssri@8.0.1"
tar = "https://ga.jspm.io/npm:tar@6.1.0"
unique-filename = "https://ga.jspm.io/npm:unique-filename@1.1.1"

[[package]]
url = "https://ga.jspm.io/npm:chalk@4.1.0"

[package.deps]
ansi-styles = "https://ga.jspm.io/npm:ansi-styles@4.3.0"
supports-color = "https://ga.jspm.io/npm:supports-color@7.2.0"

[[package]]
url = "https://ga.jspm.io/npm:cli-cursor@3.1.0"

[package.deps]
restore-cursor = "https://ga.jspm.io/npm:restore-cursor@3.1.0"

[[package]]
url = "https://ga.jspm.io/npm:color-convert@2.0.1"

[package.deps]
color-name = "https://ga.jspm.io/npm:color-name@1.1.4"

[[package]]
url = "https://ga.jspm.io/npm:debug@4.3.2"

[package.deps]
ms = "https://ga.jspm.io/npm:ms@2.1.2"

[[package]]
url = "https://ga.jspm.io/npm:defaults@1.0.3"

[package.deps]
clone = "https://ga.jspm.io/npm:clone@1.0.4"

[[package]]
url = "https://ga.jspm.io/npm:encoding@0.1.13"

[package.deps]
iconv-lite = "https://ga.jspm.io/npm:iconv-lite@0.6.2"

[[package]]
url = "https://ga.jspm.io/npm:fs-minipass@2.1.0"

[package.deps]
minipass = "https://ga.jspm.io/npm:minipass@3.1.3"

[[package]]
url = "https://ga.jspm.io/npm:glob@7.1.6"

[package.deps]
"fs.realpath" = "https://ga.jspm.io/npm:fs.realpath@1.0.0"
inflight = "https://ga.jspm.io/npm:inflight@1.0.6"
inherits = "https://ga.jspm.io/npm:inherits@2.0.4"
minimatch = "https://ga.jspm.io/npm:minimatch@3.0.4"
once = "https://ga.jspm.io/npm:once@1.4.0"
path-is-absolute = "https://ga.jspm.io/npm:path-is-absolute@1.0.1"

[[package]]
url = "https://ga.jspm.io/npm:has-flag@4.0.0"

[package.deps]
process = "./core/dist|nodelibs/process"

[[package]]
url = "https://ga.jspm.io/npm:http-proxy-agent@4.0.1"

[package.deps]
"@tootallnate/once" = "https://ga.jspm.io/npm:@tootallnate/once@1.1.2"
agent-base = "https://ga.jspm.io/npm:agent-base@6.0.2"
debug = "https://ga.jspm.io/npm:debug@4.3.2"

[[package]]
url = "https://ga.jspm.io/npm:https-proxy-agent@5.0.0"

[package.deps]
agent-base = "https://ga.jspm.io/npm:agent-base@6.0.2"
debug = "https://ga.jspm.io/npm:debug@4.3.2"

[[package]]
url = "https://ga.jspm.io/npm:humanize-ms@1.2.1"

[package.deps]
ms = "https://ga.jspm.io/npm:ms@2.1.3"

[[package]]
url = "https://ga.jspm.io/npm:iconv-lite@0.6.2"

[package.deps]
safer-buffer = "https://ga.jspm.io/npm:safer-buffer@2.1.2"

[[package]]
url = "https://ga.jspm.io/npm:inflight@1.0.6"

[package.deps]
once = "https://ga.jspm.io/npm:once@1.4.0"
wrappy = "https://ga.jspm.io/npm:wrappy@1.0.2"

[[package]]
url = "https://ga.jspm.io/npm:log-symbols@4.0.0"

[package.deps]
chalk = "https://ga.jspm.io/npm:chalk@4.1.0"

[[package]]
url = "https://ga.jspm.io/npm:lru-cache@6.0.0"

[package.deps]
yallist = "https://ga.jspm.io/npm:yallist@4.0.0"

[[package]]
url = "https://ga.jspm.io/npm:make-fetch-happen@8.0.13"

[package.deps]
agentkeepalive = "https://ga.jspm.io/npm:agentkeepalive@4.1.4"
cacache = "https://ga.jspm.io/npm:cacache@15.0.5"
http-cache-semantics = "https://ga.jspm.io/npm:http-cache-semantics@4.1.0"
http-proxy-agent = "https://ga.jspm.io/npm:http-proxy-agent@4.0.1"
https-proxy-agent = "https://ga.jspm.io/npm:https-proxy-agent@5.0.0"
is-lambda = "https://ga.jspm.io/npm:is-lambda@1.0.1"
lru-cache = "https://ga.jspm.io/npm:lru-cache@6.0.0"
minipass = "https://ga.jspm.io/npm:minipass@3.1.3"
minipass-collect = "https://ga.jspm.io/npm:minipass-collect@1.0.2"
minipass-fetch = "https://ga.jspm.io/npm:minipass-fetch@1.3.3"
minipass-flush = "https://ga.jspm.io/npm:minipass-flush@1.0.5"
minipass-pipeline = "https://ga.jspm.io/npm:minipass-pipeline@1.2.4"
promise-retry = "https://ga.jspm.io/npm:promise-retry@1.1.1"
socks-proxy-agent = "https://ga.jspm.io/npm:socks-proxy-agent@5.0.0"
ssri = "https://ga.jspm.io/npm:ssri@8.0.1"

[[package]]
url = "https://ga.jspm.io/npm:minimatch@3.0.4"

[package.deps]
brace-expansion = "https://ga.jspm.io/npm:brace-expansion@1.1.11"

[[package]]
url = "https://ga.jspm.io/npm:minipass-collect@1.0.2"

[package.deps]
minipass = "https://ga.jspm.io/npm:minipass@3.1.3"

[[package]]
url = "https://ga.jspm.io/npm:minipass-fetch@1.3.3"

[package.deps]
encoding = "https://ga.jspm.io/npm:encoding@0.1.13"
minipass = "https://ga.jspm.io/npm:minipass@3.1.3"
minipass-sized = "https://ga.jspm.io/npm:minipass-sized@1.0.3"
minizlib = "https://ga.jspm.io/npm:minizlib@2.1.2"

[[package]]
url = "https://ga.jspm.io/npm:minipass-flush@1.0.5"

[package.deps]
minipass = "https://ga.jspm.io/npm:minipass@3.1.3"

[[package]]
url = "https://ga.jspm.io/npm:minipass-pipeline@1.2.4"

[package.deps]
minipass = "https://ga.jspm.io/npm:minipass@3.1.3"

[[package]]
url = "https://ga.jspm.io/npm:minipass-sized@1.0.3"

[package.deps]
minipass = "https://ga.jspm.io/npm:minipass@3.1.3"

[[package]]
url = "https://ga.jspm.io/npm:minipass@3.1.3"

[package.deps]
yallist = "https://ga.jspm.io/npm:yallist@4.0.0"

[[package]]
url = "https://ga.jspm.io/npm:minizlib@2.1.2"

[package.deps]
minipass = "https://ga.jspm.io/npm:minipass@3.1.3"
yallist = "https://ga.jspm.io/npm:yallist@4.0.0"

[[package]]
url = "https://ga.jspm.io/npm:mkdirp@1.0.4"

[package.deps]
fs = "./core/dist|nodelibs/fs"
path = "./core/dist|nodelibs/path"
process = "./core/dist|nodelibs/process"
util = "./core/dist|nodelibs/util"

[[package]]
url = "https://ga.jspm.io/npm:once@1.4.0"

[package.deps]
wrappy = "https://ga.jspm.io/npm:wrappy@1.0.2"

[[package]]
url = "https://ga.jspm.io/npm:onetime@5.1.2"

[package.deps]
mimic-fn = "https://ga.jspm.io/npm:mimic-fn@2.1.0"

[[package]]
url = "https://ga.jspm.io/npm:ora@5.3.0"

[package.deps]
bl = "https://ga.jspm.io/npm:bl@4.0.4"
chalk = "https://ga.jspm.io/npm:chalk@4.1.0"
cli-cursor = "https://ga.jspm.io/npm:cli-cursor@3.1.0"
cli-spinners = "https://ga.jspm.io/npm:cli-spinners@2.5.0"
is-interactive = "https://ga.jspm.io/npm:is-interactive@1.0.0"
log-symbols = "https://ga.jspm.io/npm:log-symbols@4.0.0"
strip-ansi = "https://ga.jspm.io/npm:strip-ansi@6.0.0"
wcwidth = "https://ga.jspm.io/npm:wcwidth@1.0.1"

[[package]]
url = "https://ga.jspm.io/npm:p-map@4.0.0"

[package.deps]
aggregate-error = "https://ga.jspm.io/npm:aggregate-error@3.1.0"

[[package]]
url = "https://ga.jspm.io/npm:promise-retry@1.1.1"

[package.deps]
err-code = "https://ga.jspm.io/npm:err-code@1.1.2"
retry = "https://ga.jspm.io/npm:retry@0.10.1"

[[package]]
url = "https://ga.jspm.io/npm:readable-stream@3.6.0"

[package.deps]
inherits = "https://ga.jspm.io/npm:inherits@2.0.4"
string_decoder = "https://ga.jspm.io/npm:string_decoder@1.3.0"
util-deprecate = "https://ga.jspm.io/npm:util-deprecate@1.0.2"

[[package]]
url = "https://ga.jspm.io/npm:restore-cursor@3.1.0"

[package.deps]
onetime = "https://ga.jspm.io/npm:onetime@5.1.2"
signal-exit = "https://ga.jspm.io/npm:signal-exit@3.0.3"

[[package]]
url = "https://ga.jspm.io/npm:rimraf@3.0.2"

[package.deps]
glob = "https://ga.jspm.io/npm:glob@7.1.6"

[[package]]
url = "https://ga.jspm.io/npm:semver@6.3.0"

[package.deps]
process = "./core/dist|nodelibs/process"

[[package]]
url = "https://ga.jspm.io/npm:socks-proxy-agent@5.0.0"

[package.deps]
agent-base = "https://ga.jspm.io/npm:agent-base@6.0.2"
debug = "https://ga.jspm.io/npm:debug@4.3.2"
socks = "https://ga.jspm.io/npm:socks@2.5.1"

[[package]]
url = "https://ga.jspm.io/npm:socks@2.5.1"

[package.deps]
ip = "https://ga.jspm.io/npm:ip@1.1.5"
smart-buffer = "https://ga.jspm.io/npm:smart-buffer@4.1.0"

[[package]]
url = "https://ga.jspm.io/npm:ssri@8.0.1"

[package.deps]
minipass = "https://ga.jspm.io/npm:minipass@3.1.3"

[[package]]
url = "https://ga.jspm.io/npm:string_decoder@1.3.0"

[package.deps]
safe-buffer = "https://ga.jspm.io/npm:safe-buffer@5.2.1"

[[package]]
url = "https://ga.jspm.io/npm:strip-ansi@6.0.0"

[package.deps]
ansi-regex = "https://ga.jspm.io/npm:ansi-regex@5.0.0"

[[package]]
url = "https://ga.jspm.io/npm:supports-color@7.2.0"

[package.deps]
has-flag = "https://ga.jspm.io/npm:has-flag@4.0.0"
os = "./core/dist|nodelibs/os"
process = "./core/dist|nodelibs/process"
tty = "./core/dist|nodelibs/tty"

[[package]]
url = "https://ga.jspm.io/npm:sver@1.8.3"

[package.deps]
semver = "https://ga.jspm.io/npm:semver@6.3.0"

[[package]]
url = "https://ga.jspm.io/npm:tar@6.1.0"

[package.deps]
chownr = "https://ga.jspm.io/npm:chownr@2.0.0"
fs-minipass = "https://ga.jspm.io/npm:fs-minipass@2.1.0"
minipass = "https://ga.jspm.io/npm:minipass@3.1.3"
minizlib = "https://ga.jspm.io/npm:minizlib@2.1.2"
mkdirp = "https://ga.jspm.io/npm:mkdirp@1.0.4"
yallist = "https://ga.jspm.io/npm:yallist@4.0.0"

[[package]]
url = "https://ga.jspm.io/npm:unique-filename@1.1.1"

[package.deps]
unique-slug = "https://ga.jspm.io/npm:unique-slug@2.0.2"

[[package]]
url = "https://ga.jspm.io/npm:unique-slug@2.0.2"

[package.deps]
imurmurhash = "https://ga.jspm.io/npm:imurmurhash@0.1.4"

[[package]]
url = "https://ga.jspm.io/npm:wcwidth@1.0.1"

[package.deps]
defaults = "https://ga.jspm.io/npm:defaults@1.0.3"
